
Microsoft Visual Studio Solution File, Format Version 12.00
# Visual Studio Version 17
VisualStudioVersion = 17.10.35013.160
MinimumVisualStudioVersion = 10.0.40219.1
Project("{FAE04EC0-301F-11D3-BF4B-00C04F79EFBC}") = "azure-app-pkr", "azure-app-pkr\azure-app-pkr.csproj", "{A40ABE8A-68C7-4FAC-BA7B-C9D5AD62D577}"
EndProject
Global
	GlobalSection(SolutionConfigurationPlatforms) = preSolution
		Debug|Any CPU = Debug|Any CPU
		Release|Any CPU = Release|Any CPU
	EndGlobalSection
	GlobalSection(ProjectConfigurationPlatforms) = postSolution
		{A40ABE8A-68C7-4FAC-BA7B-C9D5AD62D577}.Debug|Any CPU.ActiveCfg = Debug|Any CPU
		{A40ABE8A-68C7-4FAC-BA7B-C9D5AD62D577}.Debug|Any CPU.Build.0 = Debug|Any CPU
		{A40ABE8A-68C7-4FAC-BA7B-C9D5AD62D577}.Release|Any CPU.ActiveCfg = Release|Any CPU
		{A40ABE8A-68C7-4FAC-BA7B-C9D5AD62D577}.Release|Any CPU.Build.0 = Release|Any CPU
	EndGlobalSection
	GlobalSection(SolutionProperties) = preSolution
		HideSolutionNode = FALSE
	EndGlobalSection
	GlobalSection(ExtensibilityGlobals) = postSolution
		SolutionGuid = {BB3DCC4C-4145-463C-A9E2-25707CBA95BF}
	EndGlobalSection
EndGlobal
